
Microsoft Visual Studio Solution File, Format Version 12.00
# Visual Studio Version 16
VisualStudioVersion = 16.0.33027.164
MinimumVisualStudioVersion = 10.0.40219.1
Project("{9A19103F-16F7-4668-BE54-9A1E7A4F7556}") = "Tetris", "Tetris.csproj", "{24004B0A-2DBE-472B-BA40-FF42E6CE6339}"
EndProject
Project("{FAE04EC0-301F-11D3-BF4B-00C04F79EFBC}") = "TestProject1", "..\TestProject1\TestProject1.csproj", "{62C88E6A-4EFE-4D14-B387-CEC83042844C}"
EndProject
Global
	GlobalSection(SolutionConfigurationPlatforms) = preSolution
		Debug|Any CPU = Debug|Any CPU
		Release|Any CPU = Release|Any CPU
	EndGlobalSection
	GlobalSection(ProjectConfigurationPlatforms) = postSolution
		{24004B0A-2DBE-472B-BA40-FF42E6CE6339}.Debug|Any CPU.ActiveCfg = Debug|Any CPU
		{24004B0A-2DBE-472B-BA40-FF42E6CE6339}.Debug|Any CPU.Build.0 = Debug|Any CPU
		{24004B0A-2DBE-472B-BA40-FF42E6CE6339}.Release|Any CPU.ActiveCfg = Release|Any CPU
		{24004B0A-2DBE-472B-BA40-FF42E6CE6339}.Release|Any CPU.Build.0 = Release|Any CPU
		{62C88E6A-4EFE-4D14-B387-CEC83042844C}.Debug|Any CPU.ActiveCfg = Debug|Any CPU
		{62C88E6A-4EFE-4D14-B387-CEC83042844C}.Debug|Any CPU.Build.0 = Debug|Any CPU
		{62C88E6A-4EFE-4D14-B387-CEC83042844C}.Release|Any CPU.ActiveCfg = Release|Any CPU
		{62C88E6A-4EFE-4D14-B387-CEC83042844C}.Release|Any CPU.Build.0 = Release|Any CPU
	EndGlobalSection
	GlobalSection(SolutionProperties) = preSolution
		HideSolutionNode = FALSE
	EndGlobalSection
	GlobalSection(ExtensibilityGlobals) = postSolution
		SolutionGuid = {05148E56-2E52-4A24-9D07-3E6ED793B495}
	EndGlobalSection
EndGlobal
