
Microsoft Visual Studio Solution File, Format Version 12.00
# Visual Studio Version 17
VisualStudioVersion = 17.3.32804.467
MinimumVisualStudioVersion = 10.0.40219.1
Project("{FAE04EC0-301F-11D3-BF4B-00C04F79EFBC}") = "Tetris", "Tetris.csproj", "{CBA1A1CA-3B03-49A2-94BC-697C2816A570}"
EndProject
Global
	GlobalSection(SolutionConfigurationPlatforms) = preSolution
		Debug|Any CPU = Debug|Any CPU
		Release|Any CPU = Release|Any CPU
	EndGlobalSection
	GlobalSection(ProjectConfigurationPlatforms) = postSolution
		{CBA1A1CA-3B03-49A2-94BC-697C2816A570}.Debug|Any CPU.ActiveCfg = Debug|Any CPU
		{CBA1A1CA-3B03-49A2-94BC-697C2816A570}.Debug|Any CPU.Build.0 = Debug|Any CPU
		{CBA1A1CA-3B03-49A2-94BC-697C2816A570}.Release|Any CPU.ActiveCfg = Release|Any CPU
		{CBA1A1CA-3B03-49A2-94BC-697C2816A570}.Release|Any CPU.Build.0 = Release|Any CPU
	EndGlobalSection
	GlobalSection(SolutionProperties) = preSolution
		HideSolutionNode = FALSE
	EndGlobalSection
	GlobalSection(ExtensibilityGlobals) = postSolution
		SolutionGuid = {AFA6D0B0-4ACF-49C6-9F5D-3A5ECA222CB4}
	EndGlobalSection
EndGlobal
